
Microsoft Visual Studio Solution File, Format Version 12.00
# Visual Studio Version 16
VisualStudioVersion = 16.0.33423.256
MinimumVisualStudioVersion = 10.0.40219.1
Project("{FAE04EC0-301F-11D3-BF4B-00C04F79EFBC}") = "business application", "business application.csproj", "{0416CE28-392E-46F9-8BD9-EEE9E11A47AA}"
EndProject
Global
	GlobalSection(SolutionConfigurationPlatforms) = preSolution
		Debug|Any CPU = Debug|Any CPU
		Release|Any CPU = Release|Any CPU
	EndGlobalSection
	GlobalSection(ProjectConfigurationPlatforms) = postSolution
		{0416CE28-392E-46F9-8BD9-EEE9E11A47AA}.Debug|Any CPU.ActiveCfg = Debug|Any CPU
		{0416CE28-392E-46F9-8BD9-EEE9E11A47AA}.Debug|Any CPU.Build.0 = Debug|Any CPU
		{0416CE28-392E-46F9-8BD9-EEE9E11A47AA}.Release|Any CPU.ActiveCfg = Release|Any CPU
		{0416CE28-392E-46F9-8BD9-EEE9E11A47AA}.Release|Any CPU.Build.0 = Release|Any CPU
	EndGlobalSection
	GlobalSection(SolutionProperties) = preSolution
		HideSolutionNode = FALSE
	EndGlobalSection
	GlobalSection(ExtensibilityGlobals) = postSolution
		SolutionGuid = {FD77BC95-0A87-447D-8EDE-E9F6E9645395}
	EndGlobalSection
EndGlobal
